
Microsoft Visual Studio Solution File, Format Version 12.00
# Visual Studio Version 17
VisualStudioVersion = 17.10.34928.147
MinimumVisualStudioVersion = 10.0.40219.1
Project("{9A19103F-16F7-4668-BE54-9A1E7A4F7556}") = "T", "T.csproj", "{D62EB5FB-BB1B-43AB-8F76-FF1BE5A88563}"
EndProject
Project("{9A19103F-16F7-4668-BE54-9A1E7A4F7556}") = "iOSDatadogBindings", "..\Bindings\iOSDatadogBindings.csproj", "{6DBAFC45-8DC8-4E8B-8AC5-25EB657A6735}"
EndProject
Global
	GlobalSection(SolutionConfigurationPlatforms) = preSolution
		Debug|Any CPU = Debug|Any CPU
		Release|Any CPU = Release|Any CPU
	EndGlobalSection
	GlobalSection(ProjectConfigurationPlatforms) = postSolution
		{D62EB5FB-BB1B-43AB-8F76-FF1BE5A88563}.Debug|Any CPU.ActiveCfg = Debug|Any CPU
		{D62EB5FB-BB1B-43AB-8F76-FF1BE5A88563}.Debug|Any CPU.Build.0 = Debug|Any CPU
		{D62EB5FB-BB1B-43AB-8F76-FF1BE5A88563}.Debug|Any CPU.Deploy.0 = Debug|Any CPU
		{D62EB5FB-BB1B-43AB-8F76-FF1BE5A88563}.Release|Any CPU.ActiveCfg = Release|Any CPU
		{D62EB5FB-BB1B-43AB-8F76-FF1BE5A88563}.Release|Any CPU.Build.0 = Release|Any CPU
		{D62EB5FB-BB1B-43AB-8F76-FF1BE5A88563}.Release|Any CPU.Deploy.0 = Release|Any CPU
		{6DBAFC45-8DC8-4E8B-8AC5-25EB657A6735}.Debug|Any CPU.ActiveCfg = Debug|Any CPU
		{6DBAFC45-8DC8-4E8B-8AC5-25EB657A6735}.Debug|Any CPU.Build.0 = Debug|Any CPU
		{6DBAFC45-8DC8-4E8B-8AC5-25EB657A6735}.Release|Any CPU.ActiveCfg = Release|Any CPU
		{6DBAFC45-8DC8-4E8B-8AC5-25EB657A6735}.Release|Any CPU.Build.0 = Release|Any CPU
	EndGlobalSection
	GlobalSection(SolutionProperties) = preSolution
		HideSolutionNode = FALSE
	EndGlobalSection
	GlobalSection(ExtensibilityGlobals) = postSolution
		SolutionGuid = {44FA0988-54CB-4B38-A482-0F0C83BFC8BF}
	EndGlobalSection
EndGlobal
